<?xml version="1.0" encoding="utf-8"?>
<Project ToolsVersion="4.0" xmlns="http://schemas.microsoft.com/developer/msbuild/2003">
  <ItemGroup>
    <Filter Include="Source Files">
      <UniqueIdentifier>{ce8fd4db-62b6-4efb-be99-08dcacca85db}</UniqueIdentifier>
      <Extensions>cpp;c;cxx;rc;def;r;odl;idl;hpj;bat</Extensions>
    </Filter>
    <Filter Include="Header Files">
      <UniqueIdentifier>{c72d4732-bba7-41ed-b77c-48821fb144c5}</UniqueIdentifier>
      <Extensions>h;hpp;hxx;hm;inl</Extensions>
    </Filter>
    <Filter Include="Resource Files">
      <UniqueIdentifier>{a32029c4-baf4-4a65-9d0d-8aa445c91191}</UniqueIdentifier>
      <Extensions>ico;cur;bmp;dlg;rc2;rct;bin;rgs;gif;jpg;jpeg;jpe</Extensions>
    </Filter>
    <Filter Include="External Headers">
      <UniqueIdentifier>{440e35ea-336f-4f6e-ad9f-748c577fa842}</UniqueIdentifier>
    </Filter>
  </ItemGroup>
  <ItemGroup>
    <ClCompile Include="IdsSimpleLive.cpp">
      <Filter>Source Files</Filter>
    </ClCompile>
    <ClCompile Include="IdsSimpleLiveDlg.cpp">
      <Filter>Source Files</Filter>
    </ClCompile>
    <ClCompile Include="StdAfx.cpp">
      <Filter>Source Files</Filter>
    </ClCompile>
  </ItemGroup>
  <ItemGroup>
    <ClInclude Include="Resource.h">
      <Filter>Source Files</Filter>
    </ClInclude>
    <ClInclude Include="IdsSimpleLive.h">
      <Filter>Header Files</Filter>
    </ClInclude>
    <ClInclude Include="IdsSimpleLiveDlg.h">
      <Filter>Header Files</Filter>
    </ClInclude>
    <ClInclude Include="StdAfx.h">
      <Filter>Header Files</Filter>
    </ClInclude>
    <ClInclude Include="..\include\uEye.h">
      <Filter>External Headers</Filter>
    </ClInclude>
  </ItemGroup>
  <ItemGroup>
    <Image Include="res\IDS_LOGO_GREY_93_40.bmp">
      <Filter>Resource Files</Filter>
    </Image>
    <Image Include="res\IDS_UEYE_LOGO_WHITE_118_57.bmp">
      <Filter>Resource Files</Filter>
    </Image>
    <Image Include="res\IdsSimpleLive.ico">
      <Filter>Resource Files</Filter>
    </Image>
  </ItemGroup>
  <ItemGroup>
    <ResourceCompile Include="IdsSimpleLive.rc">
      <Filter>Resource Files</Filter>
    </ResourceCompile>
  </ItemGroup>
  <ItemGroup>
    <CustomBuild Include="res\IdsSimpleLive.manifest">
      <Filter>Resource Files</Filter>
    </CustomBuild>
    <CustomBuild Include="res\IdsSimpleLive.rc2">
      <Filter>Resource Files</Filter>
    </CustomBuild>
    <CustomBuild Include="res\IdsSimpleLive_64.manifest">
      <Filter>Resource Files</Filter>
    </CustomBuild>
  </ItemGroup>
</Project>